
Microsoft Visual Studio Solution File, Format Version 12.00
# Visual Studio Version 16
VisualStudioVersion = 16.0.33423.256
MinimumVisualStudioVersion = 10.0.40219.1
Project("{FAE04EC0-301F-11D3-BF4B-00C04F79EFBC}") = "BLL_MultiOTP_Adm", "BLL_MultiOTP_Adm\BLL_MultiOTP_Adm.csproj", "{9F24B5A2-CF36-4642-AC2B-225DB6716404}"
EndProject
Project("{FAE04EC0-301F-11D3-BF4B-00C04F79EFBC}") = "UI", "UI\UI.csproj", "{3533CF5E-9593-404F-9F3A-D8B175D431C4}"
EndProject
Project("{FAE04EC0-301F-11D3-BF4B-00C04F79EFBC}") = "DAL_MultiOTP_Adm", "DAL_MultiOTP_Adm\DAL_MultiOTP_Adm.csproj", "{D9D1FE4D-6D3F-4FD7-AA52-A2ED2769228C}"
EndProject
Project("{2150E333-8FDC-42A3-9474-1A3956D46DE8}") = "Solution Items", "Solution Items", "{E71CE9D8-E257-4834-8B2C-1768C97CA586}"
	ProjectSection(SolutionItems) = preProject
		README.txt = README.txt
	EndProjectSection
EndProject
Project("{54435603-DBB4-11D2-8724-00A0C9A8B90C}") = "MultiOTP_Setup", "MultiOTP_Setup\MultiOTP_Setup.vdproj", "{93220F36-E7CC-42D1-B152-C66F6FDB3608}"
EndProject
Global
	GlobalSection(SolutionConfigurationPlatforms) = preSolution
		Debug|Any CPU = Debug|Any CPU
		Release|Any CPU = Release|Any CPU
	EndGlobalSection
	GlobalSection(ProjectConfigurationPlatforms) = postSolution
		{9F24B5A2-CF36-4642-AC2B-225DB6716404}.Debug|Any CPU.ActiveCfg = Debug|Any CPU
		{9F24B5A2-CF36-4642-AC2B-225DB6716404}.Debug|Any CPU.Build.0 = Debug|Any CPU
		{9F24B5A2-CF36-4642-AC2B-225DB6716404}.Release|Any CPU.ActiveCfg = Release|Any CPU
		{9F24B5A2-CF36-4642-AC2B-225DB6716404}.Release|Any CPU.Build.0 = Release|Any CPU
		{3533CF5E-9593-404F-9F3A-D8B175D431C4}.Debug|Any CPU.ActiveCfg = Debug|Any CPU
		{3533CF5E-9593-404F-9F3A-D8B175D431C4}.Debug|Any CPU.Build.0 = Debug|Any CPU
		{3533CF5E-9593-404F-9F3A-D8B175D431C4}.Release|Any CPU.ActiveCfg = Release|Any CPU
		{3533CF5E-9593-404F-9F3A-D8B175D431C4}.Release|Any CPU.Build.0 = Release|Any CPU
		{D9D1FE4D-6D3F-4FD7-AA52-A2ED2769228C}.Debug|Any CPU.ActiveCfg = Debug|Any CPU
		{D9D1FE4D-6D3F-4FD7-AA52-A2ED2769228C}.Debug|Any CPU.Build.0 = Debug|Any CPU
		{D9D1FE4D-6D3F-4FD7-AA52-A2ED2769228C}.Release|Any CPU.ActiveCfg = Release|Any CPU
		{D9D1FE4D-6D3F-4FD7-AA52-A2ED2769228C}.Release|Any CPU.Build.0 = Release|Any CPU
		{93220F36-E7CC-42D1-B152-C66F6FDB3608}.Debug|Any CPU.ActiveCfg = Debug
		{93220F36-E7CC-42D1-B152-C66F6FDB3608}.Release|Any CPU.ActiveCfg = Release
	EndGlobalSection
	GlobalSection(SolutionProperties) = preSolution
		HideSolutionNode = FALSE
	EndGlobalSection
	GlobalSection(ExtensibilityGlobals) = postSolution
		SolutionGuid = {3AE7AAE1-2431-4870-80AC-69EAE3C3F759}
	EndGlobalSection
EndGlobal
